
Microsoft Visual Studio Solution File, Format Version 12.00
# Visual Studio Version 17
VisualStudioVersion = 17.14.36221.1 d17.14
MinimumVisualStudioVersion = 10.0.40219.1
Project("{FAE04EC0-301F-11D3-BF4B-00C04F79EFBC}") = "WpfApp2", "WpfApp2\WpfApp2.csproj", "{5F904E28-3EA9-4A21-8BD9-E4F228C0B1DE}"
EndProject
Global
	GlobalSection(SolutionConfigurationPlatforms) = preSolution
		Debug|Any CPU = Debug|Any CPU
		Release|Any CPU = Release|Any CPU
	EndGlobalSection
	GlobalSection(ProjectConfigurationPlatforms) = postSolution
		{5F904E28-3EA9-4A21-8BD9-E4F228C0B1DE}.Debug|Any CPU.ActiveCfg = Debug|Any CPU
		{5F904E28-3EA9-4A21-8BD9-E4F228C0B1DE}.Debug|Any CPU.Build.0 = Debug|Any CPU
		{5F904E28-3EA9-4A21-8BD9-E4F228C0B1DE}.Release|Any CPU.ActiveCfg = Release|Any CPU
		{5F904E28-3EA9-4A21-8BD9-E4F228C0B1DE}.Release|Any CPU.Build.0 = Release|Any CPU
	EndGlobalSection
	GlobalSection(SolutionProperties) = preSolution
		HideSolutionNode = FALSE
	EndGlobalSection
	GlobalSection(ExtensibilityGlobals) = postSolution
		SolutionGuid = {F43826BD-DF73-489F-B36E-75B664DCF2F2}
	EndGlobalSection
EndGlobal
